
Microsoft Visual Studio Solution File, Format Version 12.00
# Visual Studio 2012
Project("{FAE04EC0-301F-11D3-BF4B-00C04F79EFBC}") = "LeagueDossier.iOS", "LeagueDossier.iOS\LeagueDossier.iOS.csproj", "{3A4F8A4E-8C4F-4086-A1A7-67BFEE964844}"
EndProject
Global
	GlobalSection(SolutionConfigurationPlatforms) = preSolution
		Debug|iPhoneSimulator = Debug|iPhoneSimulator
		Release|iPhoneSimulator = Release|iPhoneSimulator
		Debug|iPhone = Debug|iPhone
		Release|iPhone = Release|iPhone
		Ad-Hoc|iPhone = Ad-Hoc|iPhone
		AppStore|iPhone = AppStore|iPhone
	EndGlobalSection
	GlobalSection(ProjectConfigurationPlatforms) = postSolution
		{3A4F8A4E-8C4F-4086-A1A7-67BFEE964844}.Ad-Hoc|iPhone.ActiveCfg = Ad-Hoc|iPhone
		{3A4F8A4E-8C4F-4086-A1A7-67BFEE964844}.Ad-Hoc|iPhone.Build.0 = Ad-Hoc|iPhone
		{3A4F8A4E-8C4F-4086-A1A7-67BFEE964844}.AppStore|iPhone.ActiveCfg = AppStore|iPhone
		{3A4F8A4E-8C4F-4086-A1A7-67BFEE964844}.AppStore|iPhone.Build.0 = AppStore|iPhone
		{3A4F8A4E-8C4F-4086-A1A7-67BFEE964844}.Debug|iPhone.ActiveCfg = Debug|iPhone
		{3A4F8A4E-8C4F-4086-A1A7-67BFEE964844}.Debug|iPhone.Build.0 = Debug|iPhone
		{3A4F8A4E-8C4F-4086-A1A7-67BFEE964844}.Debug|iPhoneSimulator.ActiveCfg = Debug|iPhoneSimulator
		{3A4F8A4E-8C4F-4086-A1A7-67BFEE964844}.Debug|iPhoneSimulator.Build.0 = Debug|iPhoneSimulator
		{3A4F8A4E-8C4F-4086-A1A7-67BFEE964844}.Release|iPhone.ActiveCfg = Release|iPhone
		{3A4F8A4E-8C4F-4086-A1A7-67BFEE964844}.Release|iPhone.Build.0 = Release|iPhone
		{3A4F8A4E-8C4F-4086-A1A7-67BFEE964844}.Release|iPhoneSimulator.ActiveCfg = Release|iPhoneSimulator
		{3A4F8A4E-8C4F-4086-A1A7-67BFEE964844}.Release|iPhoneSimulator.Build.0 = Release|iPhoneSimulator
	EndGlobalSection
	GlobalSection(MonoDevelopProperties) = preSolution
		StartupItem = LeagueDossier.iOS\LeagueDossier.iOS.csproj
	EndGlobalSection
EndGlobal
